
Microsoft Visual Studio Solution File, Format Version 12.00
# Visual Studio Version 17
VisualStudioVersion = 17.1.32407.343
MinimumVisualStudioVersion = 10.0.40219.1
Project("{FAE04EC0-301F-11D3-BF4B-00C04F79EFBC}") = "Lab 10", "Lab10\Lab 10.csproj", "{70FF7AD0-D340-47A1-829E-18B34CAE0FAA}"
EndProject
Global
	GlobalSection(SolutionConfigurationPlatforms) = preSolution
		Debug|Any CPU = Debug|Any CPU
		Release|Any CPU = Release|Any CPU
	EndGlobalSection
	GlobalSection(ProjectConfigurationPlatforms) = postSolution
		{70FF7AD0-D340-47A1-829E-18B34CAE0FAA}.Debug|Any CPU.ActiveCfg = Debug|Any CPU
		{70FF7AD0-D340-47A1-829E-18B34CAE0FAA}.Debug|Any CPU.Build.0 = Debug|Any CPU
		{70FF7AD0-D340-47A1-829E-18B34CAE0FAA}.Release|Any CPU.ActiveCfg = Release|Any CPU
		{70FF7AD0-D340-47A1-829E-18B34CAE0FAA}.Release|Any CPU.Build.0 = Release|Any CPU
	EndGlobalSection
	GlobalSection(SolutionProperties) = preSolution
		HideSolutionNode = FALSE
	EndGlobalSection
	GlobalSection(ExtensibilityGlobals) = postSolution
		SolutionGuid = {6343CB81-73A9-4679-B1AA-2F8053DEEE73}
	EndGlobalSection
EndGlobal
